# THIS IS AN AUTOGENERATED FILE. DO NOT EDIT THIS FILE DIRECTLY.
# yarn lockfile v1


"@babel/runtime@^7.17.2":
  "integrity" "sha512-lkqXDcvlFT5rvEjiu6+QYO+1GXrEHRo2LOtS7E4GtX5ESIZOgepqsZBVIj6Pv+a6zqsya9VCgiK1KAK4BvJDAw=="
  "resolved" "https://registry.npmjs.org/@babel/runtime/-/runtime-7.18.9.tgz"
  "version" "7.18.9"
  dependencies:
    "regenerator-runtime" "^0.13.4"

"@discordjs/builders@^0.16.0":
  "integrity" "sha512-9/NCiZrLivgRub2/kBc0Vm5pMBE5AUdYbdXsLu/yg9ANgvnaJ0bZKTY8yYnLbsEc/LYUP79lEIdC73qEYhWq7A=="
  "resolved" "https://registry.npmjs.org/@discordjs/builders/-/builders-0.16.0.tgz"
  "version" "0.16.0"
  dependencies:
    "@sapphire/shapeshift" "^3.5.1"
    "discord-api-types" "^0.36.2"
    "fast-deep-equal" "^3.1.3"
    "ts-mixer" "^6.0.1"
    "tslib" "^2.4.0"

"@discordjs/collection@^0.4.0":
  "version" "0.4.0"

"@discordjs/collection@^0.7.0":
  "version" "0.7.0"

"@discordjs/collection@^1.0.0":
  "version" "1.0.1"

"@discordjs/node-pre-gyp@^0.4.2":
  "version" "0.4.4"
  dependencies:
    "detect-libc" "^2.0.0"
    "https-proxy-agent" "^5.0.0"
    "make-dir" "^3.1.0"
    "node-fetch" "^2.6.7"
    "nopt" "^5.0.0"
    "npmlog" "^5.0.1"
    "rimraf" "^3.0.2"
    "semver" "^7.3.5"
    "tar" "^6.1.11"

"@sapphire/async-queue@^1.3.2":
  "version" "1.3.2"

"@sapphire/decorators@^4.0.2":
  "version" "4.3.8"
  dependencies:
    "tslib" "^2.4.0"

"@sapphire/discord-utilities@^2.11.2", "@sapphire/discord-utilities@^2.11.5", "@sapphire/discord-utilities@^2.6.0":
  "version" "2.11.5"

"@sapphire/discord.js-utilities@^4.11.3", "@sapphire/discord.js-utilities@^4.4.0":
  "version" "4.11.3"
  dependencies:
    "@sapphire/discord-utilities" "^2.11.2"
    "@sapphire/time-utilities" "^1.7.4"
    "@sapphire/utilities" "^3.6.2"
    "tslib" "^2.4.0"

"@sapphire/fetch@^2.0.4":
  "version" "2.4.1"
  dependencies:
    "cross-fetch" "^3.1.5"

"@sapphire/framework@^3.0.0-next.8007303.0":
  "integrity" "sha512-rZWBGWziQeyHli0lF+nXxx5upScBjEDaJu848C6Ef/OnNGaQZobTLzBOdfxOHHJnw1BMeR7Z19wFpq9VTXoz5A=="
  "resolved" "https://registry.npmjs.org/@sapphire/framework/-/framework-3.0.0-next.8007303.0.tgz"
  "version" "3.0.0-next.8007303.0"
  dependencies:
    "@discordjs/builders" "^0.16.0"
    "@sapphire/discord-utilities" "^2.11.5"
    "@sapphire/discord.js-utilities" "^4.11.3"
    "@sapphire/pieces" "^3.3.5"
    "@sapphire/ratelimits" "^2.4.4"
    "@sapphire/result" "^1.1.1"
    "@sapphire/stopwatch" "^1.4.1"
    "@sapphire/utilities" "^3.8.0"
    "@types/object-hash" "^2.2.1"
    "lexure" "^0.17.0"
    "object-hash" "^3.0.0"
    "tslib" "^2.4.0"

"@sapphire/pieces@^3.3.5":
  "version" "3.3.5"
  dependencies:
    "@discordjs/collection" "^1.0.0"
    "@sapphire/utilities" "^3.7.0"
    "tslib" "^2.4.0"

"@sapphire/plugin-api@^3.1.3":
  "version" "3.2.4"
  dependencies:
    "@types/node-fetch" "2.6.2"
    "@types/psl" "^1.1.0"
    "@types/ws" "^8.5.3"
    "node-fetch" "2.6.7"
    "psl" "^1.9.0"
    "tslib" "^2.4.0"

"@sapphire/plugin-editable-commands@^1.1.3":
  "version" "1.2.2"
  dependencies:
    "@skyra/editable-commands" "^2.1.3"
    "tslib" "^2.4.0"

"@sapphire/plugin-i18next@^2.5.5-pr-334.52c8c14.0":
  "integrity" "sha512-Y6vSbSqYrkohMsGHdSgo7oheRj0moAthnMsWYEe+LqQ0XTxESxwncJq/ZnX64NaM2kXfCPGQJ5Uqy5ChqSsWwA=="
  "resolved" "https://registry.npmjs.org/@sapphire/plugin-i18next/-/plugin-i18next-2.5.5-pr-334.52c8c14.0.tgz"
  "version" "2.5.5-pr-334.52c8c14.0"
  dependencies:
    "@sapphire/utilities" "^3.9.0"
    "@skyra/i18next-backend" "^1.0.2"
    "chokidar" "^3.5.3"
    "i18next" "^21.8.16"
    "tslib" "^2.4.0"

"@sapphire/plugin-logger@^2.1.2":
  "version" "2.2.3"
  dependencies:
    "@sapphire/time-utilities" "^1.7.4"
    "colorette" "^2.0.19"
    "tslib" "^2.4.0"

"@sapphire/plugin-subcommands@^2.1.3":
  "version" "2.2.2"
  dependencies:
    "tslib" "^2.4.0"

"@sapphire/prettier-config@^1.2.9":
  "version" "1.4.3"
  dependencies:
    "prettier" "^2.6.2"

"@sapphire/ratelimits@^2.4.4":
  "version" "2.4.4"
  dependencies:
    "@sapphire/time-utilities" "^1.7.4"

"@sapphire/result@^1.1.1":
  "integrity" "sha512-mKWq+HCu9t+gqVcXMhfH72Trj6cO0LZilpdVYndqRb3+30mrRqs+NtdSf1wAERYEtBmOf3ZWvROe4RPSx7aKvw=="
  "resolved" "https://registry.npmjs.org/@sapphire/result/-/result-1.1.1.tgz"
  "version" "1.1.1"

"@sapphire/shapeshift@^3.5.1":
  "version" "3.5.1"
  dependencies:
    "fast-deep-equal" "^3.1.3"
    "lodash.uniqwith" "^4.5.0"

"@sapphire/stopwatch@^1.4.1":
  "integrity" "sha512-FoZIM7oQ1kwkjWpl/rKReuDFSlkCDjDp//1Np2mmQD+xQ2Zyo/J2MaYAITprwQr3AUBu/OOUJvqm7f8lA9R7gA=="
  "resolved" "https://registry.npmjs.org/@sapphire/stopwatch/-/stopwatch-1.4.1.tgz"
  "version" "1.4.1"
  dependencies:
    "tslib" "^2.3.1"

"@sapphire/time-utilities@^1.5.2", "@sapphire/time-utilities@^1.7.4":
  "version" "1.7.5"
  dependencies:
    "@sapphire/utilities" "^3.7.0"

"@sapphire/ts-config@^3.1.8":
  "version" "3.3.4"
  dependencies:
    "tslib" "^2.3.1"
    "typescript" "^4.6.3"

"@sapphire/type@^2.1.2":
  "version" "2.2.4"
  dependencies:
    "@discordjs/node-pre-gyp" "^0.4.2"
    "nan" "^2.15.0"
    "tslib" "^2.4.0"

"@sapphire/utilities@^3.2.1", "@sapphire/utilities@^3.6.2", "@sapphire/utilities@^3.7.0", "@sapphire/utilities@^3.8.0", "@sapphire/utilities@^3.9.0":
  "integrity" "sha512-umKJMiss9Urq3ZTuskuXaZkqnRhypxAsEFzxC249z5QrBuhNeS9pELXhVs8L9f2mcVdsHQw+0mMSJ+NX99tuig=="
  "resolved" "https://registry.npmjs.org/@sapphire/utilities/-/utilities-3.9.0.tgz"
  "version" "3.9.0"

"@skyra/editable-commands@^2.1.3":
  "version" "2.1.3"

"@skyra/i18next-backend@^1.0.2":
  "integrity" "sha512-yRKrqLKVztkYkdcEW/aadE4InlkAz+PIYznaORg5ZjpUM0htGB8YQEbdlyx+12CPaYr0uMDy9C7/JOTLA5O26Q=="
  "resolved" "https://registry.npmjs.org/@skyra/i18next-backend/-/i18next-backend-1.0.2.tgz"
  "version" "1.0.2"
  dependencies:
    "tslib" "^2.4.0"

"@sqltools/formatter@^1.2.2":
  "integrity" "sha512-O3uyB/JbkAEMZaP3YqyHH7TMnex7tWyCbCI4EfJdOCoN6HIhqdJBWTM6aCCiWQ/5f5wxjgU735QAIpJbjDvmzg=="
  "resolved" "https://registry.npmjs.org/@sqltools/formatter/-/formatter-1.2.3.tgz"
  "version" "1.2.3"

"@types/node-fetch@^2.6.2", "@types/node-fetch@2.6.2":
  "version" "2.6.2"
  dependencies:
    "@types/node" "*"
    "form-data" "^3.0.0"

"@types/node@*":
  "version" "18.6.3"

"@types/node@^17.0.10":
  "version" "17.0.45"

"@types/object-hash@^2.2.1":
  "integrity" "sha512-i/rtaJFCsPljrZvP/akBqEwUP2y5cZLOmvO+JaYnz01aPknrQ+hB5MRcO7iqCUsFaYfTG8kGfKUyboA07xeDHQ=="
  "resolved" "https://registry.npmjs.org/@types/object-hash/-/object-hash-2.2.1.tgz"
  "version" "2.2.1"

"@types/psl@^1.1.0":
  "version" "1.1.0"

"@types/ws@^8.2.2", "@types/ws@^8.5.3":
  "version" "8.5.3"
  dependencies:
    "@types/node" "*"

"abbrev@1":
  "version" "1.1.1"

"agent-base@6":
  "version" "6.0.2"
  dependencies:
    "debug" "4"

"ansi-regex@^5.0.1":
  "version" "5.0.1"

"ansi-styles@^3.2.1":
  "version" "3.2.1"
  dependencies:
    "color-convert" "^1.9.0"

"ansi-styles@^4.0.0":
  "integrity" "sha512-zbB9rCJAT1rbjiVDb2hqKFHNYLxgtk8NURxZ3IZwD3F6NtxbXZQCnnSi1Lkx+IDohdPlFp222wVALIheZJQSEg=="
  "resolved" "https://registry.npmjs.org/ansi-styles/-/ansi-styles-4.3.0.tgz"
  "version" "4.3.0"
  dependencies:
    "color-convert" "^2.0.1"

"ansi-styles@^4.1.0":
  "integrity" "sha512-zbB9rCJAT1rbjiVDb2hqKFHNYLxgtk8NURxZ3IZwD3F6NtxbXZQCnnSi1Lkx+IDohdPlFp222wVALIheZJQSEg=="
  "resolved" "https://registry.npmjs.org/ansi-styles/-/ansi-styles-4.3.0.tgz"
  "version" "4.3.0"
  dependencies:
    "color-convert" "^2.0.1"

"any-promise@^1.0.0":
  "integrity" "sha512-7UvmKalWRt1wgjL1RrGxoSJW/0QZFIegpeGvZG9kjp8vrRu55XTHbwnqq2GpXm9uLbcuhxm3IqX9OB4MZR1b2A=="
  "resolved" "https://registry.npmjs.org/any-promise/-/any-promise-1.3.0.tgz"
  "version" "1.3.0"

"anymatch@~3.1.2":
  "integrity" "sha512-P43ePfOAIupkguHUycrc4qJ9kz8ZiuOUijaETwX7THt0Y/GNK7v0aa8rY816xWjZ7rJdA5XdMcpVFTKMq+RvWg=="
  "resolved" "https://registry.npmjs.org/anymatch/-/anymatch-3.1.2.tgz"
  "version" "3.1.2"
  dependencies:
    "normalize-path" "^3.0.0"
    "picomatch" "^2.0.4"

"app-root-path@^3.0.0":
  "integrity" "sha512-qMcx+Gy2UZynHjOHOIXPNvpf+9cjvk3cWrBBK7zg4gH9+clobJRb9NGzcT7mQTcV/6Gm/1WelUtqxVXnNlrwcw=="
  "resolved" "https://registry.npmjs.org/app-root-path/-/app-root-path-3.0.0.tgz"
  "version" "3.0.0"

"aproba@^1.0.3 || ^2.0.0":
  "version" "2.0.0"

"are-we-there-yet@^2.0.0":
  "version" "2.0.0"
  dependencies:
    "delegates" "^1.0.0"
    "readable-stream" "^3.6.0"

"argparse@^2.0.1":
  "integrity" "sha512-8+9WqebbFzpX9OR+Wa6O29asIogeRMzcGtAINdpMHHyAg10f05aSFVBbcEqGf/PXw1EjAZ+q2/bEBg3DvurK3Q=="
  "resolved" "https://registry.npmjs.org/argparse/-/argparse-2.0.1.tgz"
  "version" "2.0.1"

"asynckit@^0.4.0":
  "version" "0.4.0"

"balanced-match@^1.0.0":
  "version" "1.0.2"

"base64-js@^1.3.1":
  "integrity" "sha512-AKpaYlHn8t4SVbOHCy+b5+KKgvR4vrsD8vbvrbiQJps7fKDTkjkDry6ji0rUJjC0kzbNePLwzxq8iypo41qeWA=="
  "resolved" "https://registry.npmjs.org/base64-js/-/base64-js-1.5.1.tgz"
  "version" "1.5.1"

"binary-extensions@^2.0.0":
  "integrity" "sha512-jDctJ/IVQbZoJykoeHbhXpOlNBqGNcwXJKJog42E5HDPUwQTSdjCHdihjj0DlnheQ7blbT6dHOafNAiS8ooQKA=="
  "resolved" "https://registry.npmjs.org/binary-extensions/-/binary-extensions-2.2.0.tgz"
  "version" "2.2.0"

"bl@^2.2.0":
  "integrity" "sha512-6Pesp1w0DEX1N550i/uGV/TqucVL4AM/pgThFSN/Qq9si1/DF9aIHs1BxD8V/QU0HoeHO6cQRTAuYnLPKq1e4g=="
  "resolved" "https://registry.npmjs.org/bl/-/bl-2.2.1.tgz"
  "version" "2.2.1"
  dependencies:
    "readable-stream" "^2.3.5"
    "safe-buffer" "^5.1.1"

"brace-expansion@^1.1.7":
  "version" "1.1.11"
  dependencies:
    "balanced-match" "^1.0.0"
    "concat-map" "0.0.1"

"braces@~3.0.2":
  "integrity" "sha512-b8um+L1RzM3WDSzvhm6gIz1yfTbBt6YTlcEKAvsmqCZZFw46z626lVj9j1yEPW33H5H+lBQpZMP1k8l+78Ha0A=="
  "resolved" "https://registry.npmjs.org/braces/-/braces-3.0.2.tgz"
  "version" "3.0.2"
  dependencies:
    "fill-range" "^7.0.1"

"bson@^1.1.4":
  "integrity" "sha512-EvVNVeGo4tHxwi8L6bPj3y3itEvStdwvvlojVxxbyYfoaxJ6keLgrTuKdyfEAszFK+H3olzBuafE0yoh0D1gdg=="
  "resolved" "https://registry.npmjs.org/bson/-/bson-1.1.6.tgz"
  "version" "1.1.6"

"buffer@^6.0.3":
  "integrity" "sha512-FTiCpNxtwiZZHEZbcbTIcZjERVICn9yq/pDFkTl95/AxzD1naBctN7YO68riM/gLSDY7sdrMby8hofADYuuqOA=="
  "resolved" "https://registry.npmjs.org/buffer/-/buffer-6.0.3.tgz"
  "version" "6.0.3"
  dependencies:
    "base64-js" "^1.3.1"
    "ieee754" "^1.2.1"

"call-bind@^1.0.0", "call-bind@^1.0.2":
  "version" "1.0.2"
  dependencies:
    "function-bind" "^1.1.1"
    "get-intrinsic" "^1.0.2"

"chalk@^2.4.1":
  "version" "2.4.2"
  dependencies:
    "ansi-styles" "^3.2.1"
    "escape-string-regexp" "^1.0.5"
    "supports-color" "^5.3.0"

"chalk@^4.0.0":
  "integrity" "sha512-oKnbhFyRIXpUuez8iBMmyEa4nbj4IOQyuhc/wy9kY7/WVPcwIO9VA668Pu8RkO7+0G76SLROeyw9CpQ061i4mA=="
  "resolved" "https://registry.npmjs.org/chalk/-/chalk-4.1.2.tgz"
  "version" "4.1.2"
  dependencies:
    "ansi-styles" "^4.1.0"
    "supports-color" "^7.1.0"

"chalk@^4.1.0":
  "integrity" "sha512-oKnbhFyRIXpUuez8iBMmyEa4nbj4IOQyuhc/wy9kY7/WVPcwIO9VA668Pu8RkO7+0G76SLROeyw9CpQ061i4mA=="
  "resolved" "https://registry.npmjs.org/chalk/-/chalk-4.1.2.tgz"
  "version" "4.1.2"
  dependencies:
    "ansi-styles" "^4.1.0"
    "supports-color" "^7.1.0"

"chokidar@^3.5.3":
  "integrity" "sha512-Dr3sfKRP6oTcjf2JmUmFJfeVMvXBdegxB0iVQ5eb2V10uFJUCAS8OByZdVAyVb8xXNz3GjjTgj9kLWsZTqE6kw=="
  "resolved" "https://registry.npmjs.org/chokidar/-/chokidar-3.5.3.tgz"
  "version" "3.5.3"
  dependencies:
    "anymatch" "~3.1.2"
    "braces" "~3.0.2"
    "glob-parent" "~5.1.2"
    "is-binary-path" "~2.1.0"
    "is-glob" "~4.0.1"
    "normalize-path" "~3.0.0"
    "readdirp" "~3.6.0"
  optionalDependencies:
    "fsevents" "~2.3.2"

"chownr@^2.0.0":
  "version" "2.0.0"

"cli-highlight@^2.1.11":
  "integrity" "sha512-9KDcoEVwyUXrjcJNvHD0NFc/hiwe/WPVYIleQh2O1N2Zro5gWJZ/K+3DGn8w8P/F6FxOgzyC5bxDyHIgCSPhGg=="
  "resolved" "https://registry.npmjs.org/cli-highlight/-/cli-highlight-2.1.11.tgz"
  "version" "2.1.11"
  dependencies:
    "chalk" "^4.0.0"
    "highlight.js" "^10.7.1"
    "mz" "^2.4.0"
    "parse5" "^5.1.1"
    "parse5-htmlparser2-tree-adapter" "^6.0.0"
    "yargs" "^16.0.0"

"cliui@^7.0.2":
  "integrity" "sha512-OcRE68cOsVMXp1Yvonl/fzkQOyjLSu/8bhPDfQt0e0/Eb283TKP20Fs2MqoPsr9SwA595rRCA+QMzYc9nBP+JQ=="
  "resolved" "https://registry.npmjs.org/cliui/-/cliui-7.0.4.tgz"
  "version" "7.0.4"
  dependencies:
    "string-width" "^4.2.0"
    "strip-ansi" "^6.0.0"
    "wrap-ansi" "^7.0.0"

"color-convert@^1.9.0":
  "version" "1.9.3"
  dependencies:
    "color-name" "1.1.3"

"color-convert@^2.0.1":
  "integrity" "sha512-RRECPsj7iu/xb5oKYcsFHSppFNnsj/52OVTRKb4zP5onXwVF3zVmmToNcOfGC+CRDpfK/U584fMg38ZHCaElKQ=="
  "resolved" "https://registry.npmjs.org/color-convert/-/color-convert-2.0.1.tgz"
  "version" "2.0.1"
  dependencies:
    "color-name" "~1.1.4"

"color-name@~1.1.4":
  "integrity" "sha512-dOy+3AuW3a2wNbZHIuMZpTcgjGuLU/uBL/ubcZF9OXbDo8ff4O8yVp5Bf0efS8uEoYo5q4Fx7dY9OgQGXgAsQA=="
  "resolved" "https://registry.npmjs.org/color-name/-/color-name-1.1.4.tgz"
  "version" "1.1.4"

"color-name@1.1.3":
  "version" "1.1.3"

"color-support@^1.1.2":
  "version" "1.1.3"

"colorette@^2.0.16", "colorette@^2.0.19":
  "version" "2.0.19"

"combined-stream@^1.0.8":
  "version" "1.0.8"
  dependencies:
    "delayed-stream" "~1.0.0"

"concat-map@0.0.1":
  "version" "0.0.1"

"console-control-strings@^1.0.0", "console-control-strings@^1.1.0":
  "version" "1.1.0"

"core-util-is@~1.0.0":
  "integrity" "sha512-ZQBvi1DcpJ4GDqanjucZ2Hj3wEO5pZDS89BWbkcrvdxksJorwUDDZamX9ldFkp9aw2lmBDLgkObEA4DWNJ9FYQ=="
  "resolved" "https://registry.npmjs.org/core-util-is/-/core-util-is-1.0.3.tgz"
  "version" "1.0.3"

"cross-fetch@^3.1.5":
  "version" "3.1.5"
  dependencies:
    "node-fetch" "2.6.7"

"cross-spawn@^6.0.5":
  "version" "6.0.5"
  dependencies:
    "nice-try" "^1.0.4"
    "path-key" "^2.0.1"
    "semver" "^5.5.0"
    "shebang-command" "^1.2.0"
    "which" "^1.2.9"

"cross-spawn@^7.0.3":
  "version" "7.0.3"
  dependencies:
    "path-key" "^3.1.0"
    "shebang-command" "^2.0.0"
    "which" "^2.0.1"

"date-fns@^2.28.0":
  "integrity" "sha512-dlLD5rKaKxpFdnjrs+5azHDFOPEu4ANy/LTh04A1DTzMM7qoajmKCBc8pkKRFT41CNzw+4gQh79X5C+Jq27HAw=="
  "resolved" "https://registry.npmjs.org/date-fns/-/date-fns-2.29.1.tgz"
  "version" "2.29.1"

"debug@^4.3.3", "debug@4":
  "version" "4.3.4"
  dependencies:
    "ms" "2.1.2"

"define-properties@^1.1.3", "define-properties@^1.1.4":
  "version" "1.1.4"
  dependencies:
    "has-property-descriptors" "^1.0.0"
    "object-keys" "^1.1.1"

"delayed-stream@~1.0.0":
  "version" "1.0.0"

"delegates@^1.0.0":
  "version" "1.0.0"

"denque@^1.4.1":
  "integrity" "sha512-XwE+iZ4D6ZUB7mfYRMb5wByE8L74HCn30FBN7sWnXksWc1LO1bPDl67pBR9o/kC4z/xSNAwkMYcGgqDV3BE3Hw=="
  "resolved" "https://registry.npmjs.org/denque/-/denque-1.5.1.tgz"
  "version" "1.5.1"

"detect-libc@^2.0.0":
  "version" "2.0.1"

"discord-api-types@^0.33.3":
  "integrity" "sha512-dvO5M52v7m7Dy96+XUnzXNsQ/0npsYpU6dL205kAtEDueswoz3aU3bh1UMoK4cQmcGtB1YRyLKqp+DXi05lzFg=="
  "resolved" "https://registry.npmjs.org/discord-api-types/-/discord-api-types-0.33.5.tgz"
  "version" "0.33.5"

"discord-api-types@^0.36.2":
  "integrity" "sha512-bz/NDyG0KBo/tY14vSkrwQ/n3HKPf87a0WFW/1M9+tXYK+vp5Z5EksawfCWo2zkAc6o7CClc0eff1Pjrqznlwg=="
  "resolved" "https://registry.npmjs.org/discord-api-types/-/discord-api-types-0.36.3.tgz"
  "version" "0.36.3"

"discord-api-types@^0.37.1":
  "integrity" "sha512-mePTvycgxnXh1wZO2BTj0mVKsxX69tuc1Zgf4A7dZDGX/HT/geb/26ZLIVqBU9BREJbySuDQlluyIjwZFQj3qw=="
  "resolved" "https://registry.npmjs.org/discord-api-types/-/discord-api-types-0.37.1.tgz"
  "version" "0.37.1"

"discord.js@^13.6.0":
  "version" "13.9.2"
  dependencies:
    "@discordjs/builders" "^0.16.0"
    "@discordjs/collection" "^0.7.0"
    "@sapphire/async-queue" "^1.3.2"
    "@types/node-fetch" "^2.6.2"
    "@types/ws" "^8.5.3"
    "discord-api-types" "^0.33.3"
    "form-data" "^4.0.0"
    "node-fetch" "^2.6.7"
    "ws" "^8.8.1"

"dotenv-cra@^3.0.2":
  "version" "3.0.2"
  dependencies:
    "dotenv" "^10.0.0"
    "dotenv-expand" "^5.1.0"

"dotenv-expand@^5.1.0":
  "version" "5.1.0"

"dotenv@^10.0.0":
  "version" "10.0.0"

"dotenv@^16.0.0":
  "integrity" "sha512-1K6hR6wtk2FviQ4kEiSjFiH5rpzEVi8WW0x96aztHVMhEspNpc4DVOUTEHtEva5VThQ8IaBX1Pe4gSzpVVUsKQ=="
  "resolved" "https://registry.npmjs.org/dotenv/-/dotenv-16.0.1.tgz"
  "version" "16.0.1"

"duplexer@~0.1.1":
  "version" "0.1.2"

"emoji-regex@^8.0.0":
  "version" "8.0.0"

"encoding@^0.1.0":
  "version" "0.1.13"
  dependencies:
    "iconv-lite" "^0.6.2"

"error-ex@^1.3.1":
  "version" "1.3.2"
  dependencies:
    "is-arrayish" "^0.2.1"

"es-abstract@^1.19.0", "es-abstract@^1.19.1", "es-abstract@^1.19.5":
  "version" "1.20.1"
  dependencies:
    "call-bind" "^1.0.2"
    "es-to-primitive" "^1.2.1"
    "function-bind" "^1.1.1"
    "function.prototype.name" "^1.1.5"
    "get-intrinsic" "^1.1.1"
    "get-symbol-description" "^1.0.0"
    "has" "^1.0.3"
    "has-property-descriptors" "^1.0.0"
    "has-symbols" "^1.0.3"
    "internal-slot" "^1.0.3"
    "is-callable" "^1.2.4"
    "is-negative-zero" "^2.0.2"
    "is-regex" "^1.1.4"
    "is-shared-array-buffer" "^1.0.2"
    "is-string" "^1.0.7"
    "is-weakref" "^1.0.2"
    "object-inspect" "^1.12.0"
    "object-keys" "^1.1.1"
    "object.assign" "^4.1.2"
    "regexp.prototype.flags" "^1.4.3"
    "string.prototype.trimend" "^1.0.5"
    "string.prototype.trimstart" "^1.0.5"
    "unbox-primitive" "^1.0.2"

"es-to-primitive@^1.2.1":
  "version" "1.2.1"
  dependencies:
    "is-callable" "^1.1.4"
    "is-date-object" "^1.0.1"
    "is-symbol" "^1.0.2"

"escalade@^3.1.1":
  "integrity" "sha512-k0er2gUkLf8O0zKJiAhmkTnJlTvINGv7ygDNPbeIsX/TJjGJZHuh9B2UxbsaEkmlEo9MfhrSzmhIlhRlI2GXnw=="
  "resolved" "https://registry.npmjs.org/escalade/-/escalade-3.1.1.tgz"
  "version" "3.1.1"

"escape-string-regexp@^1.0.5":
  "version" "1.0.5"

"event-stream@=3.3.4":
  "version" "3.3.4"
  dependencies:
    "duplexer" "~0.1.1"
    "from" "~0"
    "map-stream" "~0.1.0"
    "pause-stream" "0.0.11"
    "split" "0.3"
    "stream-combiner" "~0.0.4"
    "through" "~2.3.1"

"fast-deep-equal@^3.1.3":
  "version" "3.1.3"

"fill-range@^7.0.1":
  "integrity" "sha512-qOo9F+dMUmC2Lcb4BbVvnKJxTPjCm+RRpe4gDuGrzkL7mEVl/djYSu2OdQ2Pa302N4oqkSg9ir6jaLWJ2USVpQ=="
  "resolved" "https://registry.npmjs.org/fill-range/-/fill-range-7.0.1.tgz"
  "version" "7.0.1"
  dependencies:
    "to-regex-range" "^5.0.1"

"form-data@^3.0.0":
  "version" "3.0.1"
  dependencies:
    "asynckit" "^0.4.0"
    "combined-stream" "^1.0.8"
    "mime-types" "^2.1.12"

"form-data@^4.0.0":
  "version" "4.0.0"
  dependencies:
    "asynckit" "^0.4.0"
    "combined-stream" "^1.0.8"
    "mime-types" "^2.1.12"

"from@~0":
  "version" "0.1.7"

"fs-minipass@^2.0.0":
  "version" "2.1.0"
  dependencies:
    "minipass" "^3.0.0"

"fs.realpath@^1.0.0":
  "version" "1.0.0"

"function-bind@^1.1.1":
  "version" "1.1.1"

"function.prototype.name@^1.1.5":
  "version" "1.1.5"
  dependencies:
    "call-bind" "^1.0.2"
    "define-properties" "^1.1.3"
    "es-abstract" "^1.19.0"
    "functions-have-names" "^1.2.2"

"functions-have-names@^1.2.2":
  "version" "1.2.3"

"gauge@^3.0.0":
  "version" "3.0.2"
  dependencies:
    "aproba" "^1.0.3 || ^2.0.0"
    "color-support" "^1.1.2"
    "console-control-strings" "^1.0.0"
    "has-unicode" "^2.0.1"
    "object-assign" "^4.1.1"
    "signal-exit" "^3.0.0"
    "string-width" "^4.2.3"
    "strip-ansi" "^6.0.1"
    "wide-align" "^1.1.2"

"get-caller-file@^2.0.5":
  "integrity" "sha512-DyFP3BM/3YHTQOCUL/w0OZHR0lpKeGrxotcHWcqNEdnltqFwXVfhEBQ94eIo34AfQpo0rGki4cyIiftY06h2Fg=="
  "resolved" "https://registry.npmjs.org/get-caller-file/-/get-caller-file-2.0.5.tgz"
  "version" "2.0.5"

"get-intrinsic@^1.0.2", "get-intrinsic@^1.1.0", "get-intrinsic@^1.1.1":
  "version" "1.1.2"
  dependencies:
    "function-bind" "^1.1.1"
    "has" "^1.0.3"
    "has-symbols" "^1.0.3"

"get-symbol-description@^1.0.0":
  "version" "1.0.0"
  dependencies:
    "call-bind" "^1.0.2"
    "get-intrinsic" "^1.1.1"

"glob-parent@~5.1.2":
  "integrity" "sha512-AOIgSQCepiJYwP3ARnGx+5VnTu2HBYdzbGP45eLw1vr3zB3vZLeyed1sC9hnbcOc9/SrMyM5RPQrkGz4aS9Zow=="
  "resolved" "https://registry.npmjs.org/glob-parent/-/glob-parent-5.1.2.tgz"
  "version" "5.1.2"
  dependencies:
    "is-glob" "^4.0.1"

"glob@^7.1.3", "glob@^7.2.0":
  "version" "7.2.3"
  dependencies:
    "fs.realpath" "^1.0.0"
    "inflight" "^1.0.4"
    "inherits" "2"
    "minimatch" "^3.1.1"
    "once" "^1.3.0"
    "path-is-absolute" "^1.0.0"

"graceful-fs@^4.1.2":
  "version" "4.2.10"

"has-bigints@^1.0.1", "has-bigints@^1.0.2":
  "version" "1.0.2"

"has-flag@^3.0.0":
  "version" "3.0.0"

"has-flag@^4.0.0":
  "integrity" "sha512-EykJT/Q1KjTWctppgIAgfSO0tKVuZUjhgMr17kqTumMl6Afv3EISleU7qZUzoXDFTAHTDC4NOoG/ZxU3EvlMPQ=="
  "resolved" "https://registry.npmjs.org/has-flag/-/has-flag-4.0.0.tgz"
  "version" "4.0.0"

"has-property-descriptors@^1.0.0":
  "version" "1.0.0"
  dependencies:
    "get-intrinsic" "^1.1.1"

"has-symbols@^1.0.1", "has-symbols@^1.0.2", "has-symbols@^1.0.3":
  "version" "1.0.3"

"has-tostringtag@^1.0.0":
  "version" "1.0.0"
  dependencies:
    "has-symbols" "^1.0.2"

"has-unicode@^2.0.1":
  "version" "2.0.1"

"has@^1.0.3":
  "version" "1.0.3"
  dependencies:
    "function-bind" "^1.1.1"

"highlight.js@^10.7.1":
  "integrity" "sha512-tzcUFauisWKNHaRkN4Wjl/ZA07gENAjFl3J/c480dprkGTg5EQstgaNFqBfUqCq54kZRIEcreTsAgF/m2quD7A=="
  "resolved" "https://registry.npmjs.org/highlight.js/-/highlight.js-10.7.3.tgz"
  "version" "10.7.3"

"hosted-git-info@^2.1.4":
  "version" "2.8.9"

"https-proxy-agent@^5.0.0":
  "version" "5.0.1"
  dependencies:
    "agent-base" "6"
    "debug" "4"

"i18next@^21.8.16":
  "integrity" "sha512-acJLCk38YMfEPjBR/1vS13SFY7rBQLs9E5m1tSRnWc9UW3f+SZszgH+NP1fZRA1+O+CdG2eLGGmuUMJW52EwzQ=="
  "resolved" "https://registry.npmjs.org/i18next/-/i18next-21.8.16.tgz"
  "version" "21.8.16"
  dependencies:
    "@babel/runtime" "^7.17.2"

"iconv-lite@^0.6.2":
  "version" "0.6.3"
  dependencies:
    "safer-buffer" ">= 2.1.2 < 3.0.0"

"ieee754@^1.2.1":
  "integrity" "sha512-dcyqhDvX1C46lXZcVqCpK+FtMRQVdIMN6/Df5js2zouUsqG7I6sFxitIC+7KYK29KdXOLHdu9zL4sFnoVQnqaA=="
  "resolved" "https://registry.npmjs.org/ieee754/-/ieee754-1.2.1.tgz"
  "version" "1.2.1"

"inflight@^1.0.4":
  "version" "1.0.6"
  dependencies:
    "once" "^1.3.0"
    "wrappy" "1"

"inherits@^2.0.1", "inherits@^2.0.3", "inherits@~2.0.3", "inherits@2":
  "version" "2.0.4"

"internal-slot@^1.0.3":
  "version" "1.0.3"
  dependencies:
    "get-intrinsic" "^1.1.0"
    "has" "^1.0.3"
    "side-channel" "^1.0.4"

"is-arrayish@^0.2.1":
  "version" "0.2.1"

"is-bigint@^1.0.1":
  "version" "1.0.4"
  dependencies:
    "has-bigints" "^1.0.1"

"is-binary-path@~2.1.0":
  "integrity" "sha512-ZMERYes6pDydyuGidse7OsHxtbI7WVeUEozgR/g7rd0xUimYNlvZRE/K2MgZTjWy725IfelLeVcEM97mmtRGXw=="
  "resolved" "https://registry.npmjs.org/is-binary-path/-/is-binary-path-2.1.0.tgz"
  "version" "2.1.0"
  dependencies:
    "binary-extensions" "^2.0.0"

"is-boolean-object@^1.1.0":
  "version" "1.1.2"
  dependencies:
    "call-bind" "^1.0.2"
    "has-tostringtag" "^1.0.0"

"is-callable@^1.1.4", "is-callable@^1.2.4":
  "version" "1.2.4"

"is-core-module@^2.9.0":
  "version" "2.9.0"
  dependencies:
    "has" "^1.0.3"

"is-date-object@^1.0.1":
  "version" "1.0.5"
  dependencies:
    "has-tostringtag" "^1.0.0"

"is-extglob@^2.1.1":
  "integrity" "sha512-SbKbANkN603Vi4jEZv49LeVJMn4yGwsbzZworEoyEiutsN3nJYdbO36zfhGJ6QEDpOZIFkDtnq5JRxmvl3jsoQ=="
  "resolved" "https://registry.npmjs.org/is-extglob/-/is-extglob-2.1.1.tgz"
  "version" "2.1.1"

"is-fullwidth-code-point@^3.0.0":
  "version" "3.0.0"

"is-glob@^4.0.1", "is-glob@~4.0.1":
  "integrity" "sha512-xelSayHH36ZgE7ZWhli7pW34hNbNl8Ojv5KVmkJD4hBdD3th8Tfk9vYasLM+mXWOZhFkgZfxhLSnrwRr4elSSg=="
  "resolved" "https://registry.npmjs.org/is-glob/-/is-glob-4.0.3.tgz"
  "version" "4.0.3"
  dependencies:
    "is-extglob" "^2.1.1"

"is-negative-zero@^2.0.2":
  "version" "2.0.2"

"is-number-object@^1.0.4":
  "version" "1.0.7"
  dependencies:
    "has-tostringtag" "^1.0.0"

"is-number@^7.0.0":
  "integrity" "sha512-41Cifkg6e8TylSpdtTpeLVMqvSBEVzTttHvERD741+pnZ8ANv0004MRL43QKPDlK9cGvNp6NZWZUBlbGXYxxng=="
  "resolved" "https://registry.npmjs.org/is-number/-/is-number-7.0.0.tgz"
  "version" "7.0.0"

"is-regex@^1.1.4":
  "version" "1.1.4"
  dependencies:
    "call-bind" "^1.0.2"
    "has-tostringtag" "^1.0.0"

"is-shared-array-buffer@^1.0.2":
  "version" "1.0.2"
  dependencies:
    "call-bind" "^1.0.2"

"is-string@^1.0.5", "is-string@^1.0.7":
  "version" "1.0.7"
  dependencies:
    "has-tostringtag" "^1.0.0"

"is-symbol@^1.0.2", "is-symbol@^1.0.3":
  "version" "1.0.4"
  dependencies:
    "has-symbols" "^1.0.2"

"is-weakref@^1.0.2":
  "version" "1.0.2"
  dependencies:
    "call-bind" "^1.0.2"

"isarray@~1.0.0":
  "integrity" "sha512-VLghIWNM6ELQzo7zwmcg0NmTVyWKYjvIeM83yjp0wRDTmUnrM678fQbcKBo6n2CJEF0szoG//ytg+TKla89ALQ=="
  "resolved" "https://registry.npmjs.org/isarray/-/isarray-1.0.0.tgz"
  "version" "1.0.0"

"isexe@^2.0.0":
  "version" "2.0.0"

"js-yaml@^4.1.0":
  "integrity" "sha512-wpxZs9NoxZaJESJGIZTyDEaYpl0FKSA+FB9aJiyemKhMwkxQg63h4T1KJgUGHpTqPDNRcmmYLugrRjJlBtWvRA=="
  "resolved" "https://registry.npmjs.org/js-yaml/-/js-yaml-4.1.0.tgz"
  "version" "4.1.0"
  dependencies:
    "argparse" "^2.0.1"

"json-parse-better-errors@^1.0.1":
  "version" "1.0.2"

"lexure@^0.17.0":
  "version" "0.17.0"

"load-json-file@^4.0.0":
  "version" "4.0.0"
  dependencies:
    "graceful-fs" "^4.1.2"
    "parse-json" "^4.0.0"
    "pify" "^3.0.0"
    "strip-bom" "^3.0.0"

"lodash.uniqwith@^4.5.0":
  "version" "4.5.0"

"lru-cache@^6.0.0":
  "version" "6.0.0"
  dependencies:
    "yallist" "^4.0.0"

"make-dir@^3.1.0":
  "version" "3.1.0"
  dependencies:
    "semver" "^6.0.0"

"map-stream@~0.1.0":
  "version" "0.1.0"

"memory-pager@^1.0.2":
  "integrity" "sha512-ZS4Bp4r/Zoeq6+NLJpP+0Zzm0pR8whtGPf1XExKLJBAczGMnSi3It14OiNCStjQjM6NU1okjQGSxgEZN8eBYKg=="
  "resolved" "https://registry.npmjs.org/memory-pager/-/memory-pager-1.5.0.tgz"
  "version" "1.5.0"

"memorystream@^0.3.1":
  "version" "0.3.1"

"mime-db@1.52.0":
  "version" "1.52.0"

"mime-types@^2.1.12":
  "version" "2.1.35"
  dependencies:
    "mime-db" "1.52.0"

"minimatch@^3.0.4", "minimatch@^3.1.1":
  "version" "3.1.2"
  dependencies:
    "brace-expansion" "^1.1.7"

"minipass@^3.0.0":
  "version" "3.3.5"
  dependencies:
    "yallist" "^4.0.0"

"minizlib@^2.1.1":
  "version" "2.1.2"
  dependencies:
    "minipass" "^3.0.0"
    "yallist" "^4.0.0"

"mkdirp@^1.0.3", "mkdirp@^1.0.4":
  "version" "1.0.4"

"mongodb@^3.6.0":
  "integrity" "sha512-/XWWub1mHZVoqEsUppE0GV7u9kanLvHxho6EvBxQbShXTKYF9trhZC2NzbulRGeG7xMJHD8IOWRcdKx5LPjAjQ=="
  "resolved" "https://registry.npmjs.org/mongodb/-/mongodb-3.6.0.tgz"
  "version" "3.6.0"
  dependencies:
    "bl" "^2.2.0"
    "bson" "^1.1.4"
    "denque" "^1.4.1"
    "require_optional" "^1.0.1"
    "safe-buffer" "^5.1.2"
  optionalDependencies:
    "saslprep" "^1.0.0"

"ms@2.1.2":
  "version" "2.1.2"

"mz@^2.4.0":
  "integrity" "sha512-z81GNO7nnYMEhrGh9LeymoE4+Yr0Wn5McHIZMK5cfQCl+NDX08sCZgUc9/6MHni9IWuFLm1Z3HTCXu2z9fN62Q=="
  "resolved" "https://registry.npmjs.org/mz/-/mz-2.7.0.tgz"
  "version" "2.7.0"
  dependencies:
    "any-promise" "^1.0.0"
    "object-assign" "^4.0.1"
    "thenify-all" "^1.0.0"

"nan@^2.15.0":
  "version" "2.16.0"

"nice-try@^1.0.4":
  "version" "1.0.5"

"node-cleanup@^2.1.2":
  "version" "2.1.2"

"node-fetch@^2.6.7", "node-fetch@2.6.7":
  "version" "2.6.7"
  dependencies:
    "whatwg-url" "^5.0.0"

"nopt@^5.0.0":
  "version" "5.0.0"
  dependencies:
    "abbrev" "1"

"normalize-package-data@^2.3.2":
  "version" "2.5.0"
  dependencies:
    "hosted-git-info" "^2.1.4"
    "resolve" "^1.10.0"
    "semver" "2 || 3 || 4 || 5"
    "validate-npm-package-license" "^3.0.1"

"normalize-path@^3.0.0", "normalize-path@~3.0.0":
  "integrity" "sha512-6eZs5Ls3WtCisHWp9S2GUy8dqkpGi4BVSz3GaqiE6ezub0512ESztXUwUB6C6IKbQkY2Pnb/mD4WYojCRwcwLA=="
  "resolved" "https://registry.npmjs.org/normalize-path/-/normalize-path-3.0.0.tgz"
  "version" "3.0.0"

"npm-run-all@^4.1.5":
  "version" "4.1.5"
  dependencies:
    "ansi-styles" "^3.2.1"
    "chalk" "^2.4.1"
    "cross-spawn" "^6.0.5"
    "memorystream" "^0.3.1"
    "minimatch" "^3.0.4"
    "pidtree" "^0.3.0"
    "read-pkg" "^3.0.0"
    "shell-quote" "^1.6.1"
    "string.prototype.padend" "^3.0.0"

"npmlog@^5.0.1":
  "version" "5.0.1"
  dependencies:
    "are-we-there-yet" "^2.0.0"
    "console-control-strings" "^1.1.0"
    "gauge" "^3.0.0"
    "set-blocking" "^2.0.0"

"object-assign@^4.0.1", "object-assign@^4.1.1":
  "version" "4.1.1"

"object-hash@^3.0.0":
  "integrity" "sha512-RSn9F68PjH9HqtltsSnqYC1XXoWe9Bju5+213R98cNGttag9q9yAOTzdbsqvIa7aNm5WffBZFpWYr2aWrklWAw=="
  "resolved" "https://registry.npmjs.org/object-hash/-/object-hash-3.0.0.tgz"
  "version" "3.0.0"

"object-inspect@^1.12.0", "object-inspect@^1.9.0":
  "version" "1.12.2"

"object-keys@^1.1.1":
  "version" "1.1.1"

"object.assign@^4.1.2":
  "version" "4.1.2"
  dependencies:
    "call-bind" "^1.0.0"
    "define-properties" "^1.1.3"
    "has-symbols" "^1.0.1"
    "object-keys" "^1.1.1"

"once@^1.3.0":
  "version" "1.4.0"
  dependencies:
    "wrappy" "1"

"parse-json@^4.0.0":
  "version" "4.0.0"
  dependencies:
    "error-ex" "^1.3.1"
    "json-parse-better-errors" "^1.0.1"

"parse5-htmlparser2-tree-adapter@^6.0.0":
  "integrity" "sha512-qPuWvbLgvDGilKc5BoicRovlT4MtYT6JfJyBOMDsKoiT+GiuP5qyrPCnR9HcPECIJJmZh5jRndyNThnhhb/vlA=="
  "resolved" "https://registry.npmjs.org/parse5-htmlparser2-tree-adapter/-/parse5-htmlparser2-tree-adapter-6.0.1.tgz"
  "version" "6.0.1"
  dependencies:
    "parse5" "^6.0.1"

"parse5@^5.1.1":
  "integrity" "sha512-ugq4DFI0Ptb+WWjAdOK16+u/nHfiIrcE+sh8kZMaM0WllQKLI9rOUq6c2b7cwPkXdzfQESqvoqK6ug7U/Yyzug=="
  "resolved" "https://registry.npmjs.org/parse5/-/parse5-5.1.1.tgz"
  "version" "5.1.1"

"parse5@^6.0.1":
  "integrity" "sha512-Ofn/CTFzRGTTxwpNEs9PP93gXShHcTq255nzRYSKe8AkVpZY7e1fpmTfOyoIvjP5HG7Z2ZM7VS9PPhQGW2pOpw=="
  "resolved" "https://registry.npmjs.org/parse5/-/parse5-6.0.1.tgz"
  "version" "6.0.1"

"path-is-absolute@^1.0.0":
  "version" "1.0.1"

"path-key@^2.0.1":
  "version" "2.0.1"

"path-key@^3.1.0":
  "version" "3.1.1"

"path-parse@^1.0.7":
  "version" "1.0.7"

"path-type@^3.0.0":
  "version" "3.0.0"
  dependencies:
    "pify" "^3.0.0"

"pause-stream@0.0.11":
  "version" "0.0.11"
  dependencies:
    "through" "~2.3"

"picomatch@^2.0.4", "picomatch@^2.2.1":
  "integrity" "sha512-JU3teHTNjmE2VCGFzuY8EXzCDVwEqB2a8fsIvwaStHhAWJEeVd1o1QD80CU6+ZdEXXSLbSsuLwJjkCBWqRQUVA=="
  "resolved" "https://registry.npmjs.org/picomatch/-/picomatch-2.3.1.tgz"
  "version" "2.3.1"

"pidtree@^0.3.0":
  "version" "0.3.1"

"pify@^3.0.0":
  "version" "3.0.0"

"prettier@^2.5.1", "prettier@^2.6.2":
  "version" "2.7.1"

"process-nextick-args@~2.0.0":
  "integrity" "sha512-3ouUOpQhtgrbOa17J7+uxOTpITYWaGP7/AhoR3+A+/1e9skrzelGi/dXzEYyvbxubEF6Wn2ypscTKiKJFFn1ag=="
  "resolved" "https://registry.npmjs.org/process-nextick-args/-/process-nextick-args-2.0.1.tgz"
  "version" "2.0.1"

"ps-tree@^1.2.0":
  "version" "1.2.0"
  dependencies:
    "event-stream" "=3.3.4"

"psl@^1.9.0":
  "version" "1.9.0"

"read-pkg@^3.0.0":
  "version" "3.0.0"
  dependencies:
    "load-json-file" "^4.0.0"
    "normalize-package-data" "^2.3.2"
    "path-type" "^3.0.0"

"readable-stream@^2.3.5":
  "integrity" "sha512-Ebho8K4jIbHAxnuxi7o42OrZgF/ZTNcsZj6nRKyUmkhLFq8CHItp/fy6hQZuZmP/n3yZ9VBUbp4zz/mX8hmYPw=="
  "resolved" "https://registry.npmjs.org/readable-stream/-/readable-stream-2.3.7.tgz"
  "version" "2.3.7"
  dependencies:
    "core-util-is" "~1.0.0"
    "inherits" "~2.0.3"
    "isarray" "~1.0.0"
    "process-nextick-args" "~2.0.0"
    "safe-buffer" "~5.1.1"
    "string_decoder" "~1.1.1"
    "util-deprecate" "~1.0.1"

"readable-stream@^3.6.0":
  "version" "3.6.0"
  dependencies:
    "inherits" "^2.0.3"
    "string_decoder" "^1.1.1"
    "util-deprecate" "^1.0.1"

"readdirp@~3.6.0":
  "integrity" "sha512-hOS089on8RduqdbhvQ5Z37A0ESjsqz6qnRcffsMU3495FuTdqSm+7bhJ29JvIOsBDEEnan5DPu9t3To9VRlMzA=="
  "resolved" "https://registry.npmjs.org/readdirp/-/readdirp-3.6.0.tgz"
  "version" "3.6.0"
  dependencies:
    "picomatch" "^2.2.1"

"reflect-metadata@^0.1.13":
  "version" "0.1.13"

"regenerator-runtime@^0.13.4":
  "integrity" "sha512-p3VT+cOEgxFsRRA9X4lkI1E+k2/CtnKtU4gcxyaCUreilL/vqI6CdZ3wxVUx3UOUg+gnUOQQcRI7BmSI656MYA=="
  "resolved" "https://registry.npmjs.org/regenerator-runtime/-/regenerator-runtime-0.13.9.tgz"
  "version" "0.13.9"

"regexp.prototype.flags@^1.4.3":
  "version" "1.4.3"
  dependencies:
    "call-bind" "^1.0.2"
    "define-properties" "^1.1.3"
    "functions-have-names" "^1.2.2"

"require_optional@^1.0.1":
  "integrity" "sha512-qhM/y57enGWHAe3v/NcwML6a3/vfESLe/sGM2dII+gEO0BpKRUkWZow/tyloNqJyN6kXSl3RyyM8Ll5D/sJP8g=="
  "resolved" "https://registry.npmjs.org/require_optional/-/require_optional-1.0.1.tgz"
  "version" "1.0.1"
  dependencies:
    "resolve-from" "^2.0.0"
    "semver" "^5.1.0"

"require-directory@^2.1.1":
  "integrity" "sha512-fGxEI7+wsG9xrvdjsrlmL22OMTTiHRwAMroiEeMgq8gzoLC/PQr7RsRDSTLUg/bZAZtF+TVIkHc6/4RIKrui+Q=="
  "resolved" "https://registry.npmjs.org/require-directory/-/require-directory-2.1.1.tgz"
  "version" "2.1.1"

"resolve-from@^2.0.0":
  "integrity" "sha512-qpFcKaXsq8+oRoLilkwyc7zHGF5i9Q2/25NIgLQQ/+VVv9rU4qvr6nXVAw1DsnXJyQkZsR4Ytfbtg5ehfcUssQ=="
  "resolved" "https://registry.npmjs.org/resolve-from/-/resolve-from-2.0.0.tgz"
  "version" "2.0.0"

"resolve@^1.10.0":
  "version" "1.22.1"
  dependencies:
    "is-core-module" "^2.9.0"
    "path-parse" "^1.0.7"
    "supports-preserve-symlinks-flag" "^1.0.0"

"rimraf@^3.0.2":
  "version" "3.0.2"
  dependencies:
    "glob" "^7.1.3"

"safe-buffer@^5.0.1", "safe-buffer@^5.1.2", "safe-buffer@~5.2.0":
  "version" "5.2.1"

"safe-buffer@^5.1.1", "safe-buffer@~5.1.0", "safe-buffer@~5.1.1":
  "integrity" "sha512-Gd2UZBJDkXlY7GbJxfsE8/nvKkUEU1G38c1siN6QP6a9PT9MmHB8GnpscSmMJSoF8LOIrt8ud/wPtojys4G6+g=="
  "resolved" "https://registry.npmjs.org/safe-buffer/-/safe-buffer-5.1.2.tgz"
  "version" "5.1.2"

"safer-buffer@>= 2.1.2 < 3.0.0":
  "version" "2.1.2"

"saslprep@^1.0.0":
  "integrity" "sha512-/MY/PEMbk2SuY5sScONwhUDsV2p77Znkb/q3nSVstq/yQzYJOH/Azh29p9oJLsl3LnQwSvZDKagDGBsBwSooag=="
  "resolved" "https://registry.npmjs.org/saslprep/-/saslprep-1.0.3.tgz"
  "version" "1.0.3"
  dependencies:
    "sparse-bitfield" "^3.0.3"

"sax@>=0.6.0":
  "integrity" "sha512-NqVDv9TpANUjFm0N8uM5GxL36UgKi9/atZw+x7YFnQ8ckwFGKrl4xX4yWtrey3UJm5nP1kUbnYgLopqWNSRhWw=="
  "resolved" "https://registry.npmjs.org/sax/-/sax-1.2.4.tgz"
  "version" "1.2.4"

"semver@^5.1.0":
  "integrity" "sha512-sauaDf/PZdVgrLTNYHRtpXa1iRiKcaebiKQ1BJdpQlWH2lCvexQdX55snPFyK7QzpudqbCI0qXFfOasHdyNDGQ=="
  "resolved" "https://registry.npmjs.org/semver/-/semver-5.7.1.tgz"
  "version" "5.7.1"

"semver@^5.5.0":
  "version" "5.7.1"

"semver@^6.0.0":
  "version" "6.3.0"

"semver@^7.3.5":
  "version" "7.3.7"
  dependencies:
    "lru-cache" "^6.0.0"

"semver@2 || 3 || 4 || 5":
  "version" "5.7.1"

"set-blocking@^2.0.0":
  "version" "2.0.0"

"sha.js@^2.4.11":
  "integrity" "sha512-QMEp5B7cftE7APOjk5Y6xgrbWu+WkLVQwk8JNjZ8nKRciZaByEW6MubieAiToS7+dwvrjGhH8jRXz3MVd0AYqQ=="
  "resolved" "https://registry.npmjs.org/sha.js/-/sha.js-2.4.11.tgz"
  "version" "2.4.11"
  dependencies:
    "inherits" "^2.0.1"
    "safe-buffer" "^5.0.1"

"shebang-command@^1.2.0":
  "version" "1.2.0"
  dependencies:
    "shebang-regex" "^1.0.0"

"shebang-command@^2.0.0":
  "version" "2.0.0"
  dependencies:
    "shebang-regex" "^3.0.0"

"shebang-regex@^1.0.0":
  "version" "1.0.0"

"shebang-regex@^3.0.0":
  "version" "3.0.0"

"shell-quote@^1.6.1":
  "version" "1.7.3"

"side-channel@^1.0.4":
  "version" "1.0.4"
  dependencies:
    "call-bind" "^1.0.0"
    "get-intrinsic" "^1.0.2"
    "object-inspect" "^1.9.0"

"signal-exit@^3.0.0":
  "version" "3.0.7"

"sparse-bitfield@^3.0.3":
  "integrity" "sha512-kvzhi7vqKTfkh0PZU+2D2PIllw2ymqJKujUcyPMd9Y75Nv4nPbGJZXNhxsgdQab2BmlDct1YnfQCguEvHr7VsQ=="
  "resolved" "https://registry.npmjs.org/sparse-bitfield/-/sparse-bitfield-3.0.3.tgz"
  "version" "3.0.3"
  dependencies:
    "memory-pager" "^1.0.2"

"spdx-correct@^3.0.0":
  "version" "3.1.1"
  dependencies:
    "spdx-expression-parse" "^3.0.0"
    "spdx-license-ids" "^3.0.0"

"spdx-exceptions@^2.1.0":
  "version" "2.3.0"

"spdx-expression-parse@^3.0.0":
  "version" "3.0.1"
  dependencies:
    "spdx-exceptions" "^2.1.0"
    "spdx-license-ids" "^3.0.0"

"spdx-license-ids@^3.0.0":
  "version" "3.0.11"

"split@0.3":
  "version" "0.3.3"
  dependencies:
    "through" "2"

"stream-combiner@~0.0.4":
  "version" "0.0.4"
  dependencies:
    "duplexer" "~0.1.1"

"string_decoder@^1.1.1":
  "version" "1.3.0"
  dependencies:
    "safe-buffer" "~5.2.0"

"string_decoder@~1.1.1":
  "integrity" "sha512-n/ShnvDi6FHbbVfviro+WojiFzv+s8MPMHBczVePfUpDJLwoLT0ht1l4YwBCbi8pJAveEEdnkHyPyTP/mzRfwg=="
  "resolved" "https://registry.npmjs.org/string_decoder/-/string_decoder-1.1.1.tgz"
  "version" "1.1.1"
  dependencies:
    "safe-buffer" "~5.1.0"

"string-argv@^0.1.1":
  "version" "0.1.2"

"string-width@^1.0.2 || 2 || 3 || 4", "string-width@^4.1.0", "string-width@^4.2.0", "string-width@^4.2.3":
  "version" "4.2.3"
  dependencies:
    "emoji-regex" "^8.0.0"
    "is-fullwidth-code-point" "^3.0.0"
    "strip-ansi" "^6.0.1"

"string.prototype.padend@^3.0.0":
  "version" "3.1.3"
  dependencies:
    "call-bind" "^1.0.2"
    "define-properties" "^1.1.3"
    "es-abstract" "^1.19.1"

"string.prototype.trimend@^1.0.5":
  "version" "1.0.5"
  dependencies:
    "call-bind" "^1.0.2"
    "define-properties" "^1.1.4"
    "es-abstract" "^1.19.5"

"string.prototype.trimstart@^1.0.5":
  "version" "1.0.5"
  dependencies:
    "call-bind" "^1.0.2"
    "define-properties" "^1.1.4"
    "es-abstract" "^1.19.5"

"strip-ansi@^6.0.0", "strip-ansi@^6.0.1":
  "version" "6.0.1"
  dependencies:
    "ansi-regex" "^5.0.1"

"strip-bom@^3.0.0":
  "version" "3.0.0"

"supports-color@^5.3.0":
  "version" "5.5.0"
  dependencies:
    "has-flag" "^3.0.0"

"supports-color@^7.1.0":
  "integrity" "sha512-qpCAvRl9stuOHveKsn7HncJRvv501qIacKzQlO/+Lwxc9+0q2wLyv4Dfvt80/DPn2pqOBsJdDiogXGR9+OvwRw=="
  "resolved" "https://registry.npmjs.org/supports-color/-/supports-color-7.2.0.tgz"
  "version" "7.2.0"
  dependencies:
    "has-flag" "^4.0.0"

"supports-preserve-symlinks-flag@^1.0.0":
  "version" "1.0.0"

"tar@^6.1.11":
  "version" "6.1.11"
  dependencies:
    "chownr" "^2.0.0"
    "fs-minipass" "^2.0.0"
    "minipass" "^3.0.0"
    "minizlib" "^2.1.1"
    "mkdirp" "^1.0.3"
    "yallist" "^4.0.0"

"thenify-all@^1.0.0":
  "integrity" "sha512-RNxQH/qI8/t3thXJDwcstUO4zeqo64+Uy/+sNVRBx4Xn2OX+OZ9oP+iJnNFqplFra2ZUVeKCSa2oVWi3T4uVmA=="
  "resolved" "https://registry.npmjs.org/thenify-all/-/thenify-all-1.6.0.tgz"
  "version" "1.6.0"
  dependencies:
    "thenify" ">= 3.1.0 < 4"

"thenify@>= 3.1.0 < 4":
  "integrity" "sha512-RVZSIV5IG10Hk3enotrhvz0T9em6cyHBLkH/YAZuKqd8hRkKhSfCGIcP2KUY0EPxndzANBmNllzWPwak+bheSw=="
  "resolved" "https://registry.npmjs.org/thenify/-/thenify-3.3.1.tgz"
  "version" "3.3.1"
  dependencies:
    "any-promise" "^1.0.0"

"through@~2.3", "through@~2.3.1", "through@2":
  "version" "2.3.8"

"to-regex-range@^5.0.1":
  "integrity" "sha512-65P7iz6X5yEr1cwcgvQxbbIw7Uk3gOy5dIdtZ4rDveLqhrdJP+Li/Hx6tyK0NEb+2GCyneCMJiGqrADCSNk8sQ=="
  "resolved" "https://registry.npmjs.org/to-regex-range/-/to-regex-range-5.0.1.tgz"
  "version" "5.0.1"
  dependencies:
    "is-number" "^7.0.0"

"tr46@~0.0.3":
  "version" "0.0.3"

"ts-mixer@^6.0.1":
  "version" "6.0.1"

"tsc-watch@^4.6.0":
  "version" "4.6.2"
  dependencies:
    "cross-spawn" "^7.0.3"
    "node-cleanup" "^2.1.2"
    "ps-tree" "^1.2.0"
    "string-argv" "^0.1.1"
    "strip-ansi" "^6.0.0"

"tslib@^2.3.1", "tslib@^2.4.0":
  "version" "2.4.0"

"typeorm@^0.3.7":
  "integrity" "sha512-MsPJeP6Zuwfe64c++l80+VRqpGEGxf0CkztIEnehQ+CMmQPSHjOnFbFxwBuZ2jiLqZTjLk2ZqQdVF0RmvxNF3Q=="
  "resolved" "https://registry.npmjs.org/typeorm/-/typeorm-0.3.7.tgz"
  "version" "0.3.7"
  dependencies:
    "@sqltools/formatter" "^1.2.2"
    "app-root-path" "^3.0.0"
    "buffer" "^6.0.3"
    "chalk" "^4.1.0"
    "cli-highlight" "^2.1.11"
    "date-fns" "^2.28.0"
    "debug" "^4.3.3"
    "dotenv" "^16.0.0"
    "glob" "^7.2.0"
    "js-yaml" "^4.1.0"
    "mkdirp" "^1.0.4"
    "reflect-metadata" "^0.1.13"
    "sha.js" "^2.4.11"
    "tslib" "^2.3.1"
    "uuid" "^8.3.2"
    "xml2js" "^0.4.23"
    "yargs" "^17.3.1"

"typescript@*", "typescript@^4.5.5", "typescript@^4.6.3":
  "version" "4.7.4"

"unbox-primitive@^1.0.2":
  "version" "1.0.2"
  dependencies:
    "call-bind" "^1.0.2"
    "has-bigints" "^1.0.2"
    "has-symbols" "^1.0.3"
    "which-boxed-primitive" "^1.0.2"

"util-deprecate@^1.0.1", "util-deprecate@~1.0.1":
  "version" "1.0.2"

"uuid@^8.3.2":
  "integrity" "sha512-+NYs2QeMWy+GWFOEm9xnn6HCDp0l7QBD7ml8zLUmJ+93Q5NF0NocErnwkTkXVFNiX3/fpC6afS8Dhb/gz7R7eg=="
  "resolved" "https://registry.npmjs.org/uuid/-/uuid-8.3.2.tgz"
  "version" "8.3.2"

"validate-npm-package-license@^3.0.1":
  "version" "3.0.4"
  dependencies:
    "spdx-correct" "^3.0.0"
    "spdx-expression-parse" "^3.0.0"

"webidl-conversions@^3.0.0":
  "version" "3.0.1"

"whatwg-url@^5.0.0":
  "version" "5.0.0"
  dependencies:
    "tr46" "~0.0.3"
    "webidl-conversions" "^3.0.0"

"which-boxed-primitive@^1.0.2":
  "version" "1.0.2"
  dependencies:
    "is-bigint" "^1.0.1"
    "is-boolean-object" "^1.1.0"
    "is-number-object" "^1.0.4"
    "is-string" "^1.0.5"
    "is-symbol" "^1.0.3"

"which@^1.2.9":
  "version" "1.3.1"
  dependencies:
    "isexe" "^2.0.0"

"which@^2.0.1":
  "version" "2.0.2"
  dependencies:
    "isexe" "^2.0.0"

"wide-align@^1.1.2":
  "version" "1.1.5"
  dependencies:
    "string-width" "^1.0.2 || 2 || 3 || 4"

"wrap-ansi@^7.0.0":
  "integrity" "sha512-YVGIj2kamLSTxw6NsZjoBxfSwsn0ycdesmc4p+Q21c5zPuZ1pl+NfxVdxPtdHvmNVOQ6XSYG4AUtyt/Fi7D16Q=="
  "resolved" "https://registry.npmjs.org/wrap-ansi/-/wrap-ansi-7.0.0.tgz"
  "version" "7.0.0"
  dependencies:
    "ansi-styles" "^4.0.0"
    "string-width" "^4.1.0"
    "strip-ansi" "^6.0.0"

"wrappy@1":
  "version" "1.0.2"

"ws@^8.8.1":
  "version" "8.8.1"

"xml2js@^0.4.23":
  "integrity" "sha512-ySPiMjM0+pLDftHgXY4By0uswI3SPKLDw/i3UXbnO8M/p28zqexCUoPmQFrYD+/1BzhGJSs2i1ERWKJAtiLrug=="
  "resolved" "https://registry.npmjs.org/xml2js/-/xml2js-0.4.23.tgz"
  "version" "0.4.23"
  dependencies:
    "sax" ">=0.6.0"
    "xmlbuilder" "~11.0.0"

"xmlbuilder@~11.0.0":
  "integrity" "sha512-fDlsI/kFEx7gLvbecc0/ohLG50fugQp8ryHzMTuW9vSa1GJ0XYWKnhsUx7oie3G98+r56aTQIUB4kht42R3JvA=="
  "resolved" "https://registry.npmjs.org/xmlbuilder/-/xmlbuilder-11.0.1.tgz"
  "version" "11.0.1"

"y18n@^5.0.5":
  "integrity" "sha512-0pfFzegeDWJHJIAmTLRP2DwHjdF5s7jo9tuztdQxAhINCdvS+3nGINqPd00AphqJR/0LhANUS6/+7SCb98YOfA=="
  "resolved" "https://registry.npmjs.org/y18n/-/y18n-5.0.8.tgz"
  "version" "5.0.8"

"yallist@^4.0.0":
  "version" "4.0.0"

"yargs-parser@^20.2.2":
  "integrity" "sha512-y11nGElTIV+CT3Zv9t7VKl+Q3hTQoT9a1Qzezhhl6Rp21gJ/IVTW7Z3y9EWXhuUBC2Shnf+DX0antecpAwSP8w=="
  "resolved" "https://registry.npmjs.org/yargs-parser/-/yargs-parser-20.2.9.tgz"
  "version" "20.2.9"

"yargs-parser@^21.0.0":
  "integrity" "sha512-tVpsJW7DdjecAiFpbIB1e3qxIQsE6NoPc5/eTdrbbIC4h0LVsWhnoa3g+m2HclBIujHzsxZ4VJVA+GUuc2/LBw=="
  "resolved" "https://registry.npmjs.org/yargs-parser/-/yargs-parser-21.1.1.tgz"
  "version" "21.1.1"

"yargs@^16.0.0":
  "integrity" "sha512-D1mvvtDG0L5ft/jGWkLpG1+m0eQxOfaBvTNELraWj22wSVUMWxZUvYgJYcKh6jGGIkJFhH4IZPQhR4TKpc8mBw=="
  "resolved" "https://registry.npmjs.org/yargs/-/yargs-16.2.0.tgz"
  "version" "16.2.0"
  dependencies:
    "cliui" "^7.0.2"
    "escalade" "^3.1.1"
    "get-caller-file" "^2.0.5"
    "require-directory" "^2.1.1"
    "string-width" "^4.2.0"
    "y18n" "^5.0.5"
    "yargs-parser" "^20.2.2"

"yargs@^17.3.1":
  "integrity" "sha512-t6YAJcxDkNX7NFYiVtKvWUz8l+PaKTLiL63mJYWR2GnHq2gjEWISzsLp9wg3aY36dY1j+gfIEL3pIF+XlJJfbA=="
  "resolved" "https://registry.npmjs.org/yargs/-/yargs-17.5.1.tgz"
  "version" "17.5.1"
  dependencies:
    "cliui" "^7.0.2"
    "escalade" "^3.1.1"
    "get-caller-file" "^2.0.5"
    "require-directory" "^2.1.1"
    "string-width" "^4.2.3"
    "y18n" "^5.0.5"
    "yargs-parser" "^21.0.0"
